
Microsoft Visual Studio Solution File, Format Version 12.00
# Visual Studio Version 16
VisualStudioVersion = 16.0.30011.22
MinimumVisualStudioVersion = 10.0.40219.1
Project("{FAE04EC0-301F-11D3-BF4B-00C04F79EFBC}") = "antsequence20th", "antsequence20th\antsequence20th.csproj", "{3C2077C1-0E2A-4537-9E57-D10760447DC5}"
EndProject
Global
	GlobalSection(SolutionConfigurationPlatforms) = preSolution
		Debug|Any CPU = Debug|Any CPU
		Release|Any CPU = Release|Any CPU
	EndGlobalSection
	GlobalSection(ProjectConfigurationPlatforms) = postSolution
		{3C2077C1-0E2A-4537-9E57-D10760447DC5}.Debug|Any CPU.ActiveCfg = Debug|Any CPU
		{3C2077C1-0E2A-4537-9E57-D10760447DC5}.Debug|Any CPU.Build.0 = Debug|Any CPU
		{3C2077C1-0E2A-4537-9E57-D10760447DC5}.Release|Any CPU.ActiveCfg = Release|Any CPU
		{3C2077C1-0E2A-4537-9E57-D10760447DC5}.Release|Any CPU.Build.0 = Release|Any CPU
	EndGlobalSection
	GlobalSection(SolutionProperties) = preSolution
		HideSolutionNode = FALSE
	EndGlobalSection
	GlobalSection(ExtensibilityGlobals) = postSolution
		SolutionGuid = {41562134-8B6A-431D-BE35-170379B492F2}
	EndGlobalSection
EndGlobal
